// !$*UTF8*$!
{
	archiveVersion = 1;
	classes = {
	};
	objectVersion = 56;
	objects = {

/* Begin PBXBuildFile section */
		AB10045D2B70FC40008E3929 /* AppDelegate.swift in Sources */ = {isa = PBXBuildFile; fileRef = AB10045C2B70FC40008E3929 /* AppDelegate.swift */; };
		AB10045F2B70FC40008E3929 /* SceneDelegate.swift in Sources */ = {isa = PBXBuildFile; fileRef = AB10045E2B70FC40008E3929 /* SceneDelegate.swift */; };
		AB1004612B70FC40008E3929 /* MainPage.swift in Sources */ = {isa = PBXBuildFile; fileRef = AB1004602B70FC40008E3929 /* MainPage.swift */; };
		AB1004642B70FC40008E3929 /* Main.storyboard in Resources */ = {isa = PBXBuildFile; fileRef = AB1004622B70FC40008E3929 /* Main.storyboard */; };
		AB1004672B70FC40008E3929 /* KeySafe.xcdatamodeld in Sources */ = {isa = PBXBuildFile; fileRef = AB1004652B70FC40008E3929 /* KeySafe.xcdatamodeld */; };
		AB1004692B70FC41008E3929 /* Assets.xcassets in Resources */ = {isa = PBXBuildFile; fileRef = AB1004682B70FC41008E3929 /* Assets.xcassets */; };
		AB10046C2B70FC41008E3929 /* LaunchScreen.storyboard in Resources */ = {isa = PBXBuildFile; fileRef = AB10046A2B70FC41008E3929 /* LaunchScreen.storyboard */; };
		AB71DD6A2B723B5B00CAEC38 /* RxBlocking in Frameworks */ = {isa = PBXBuildFile; productRef = AB71DD692B723B5B00CAEC38 /* RxBlocking */; };
		AB71DD6C2B723B5B00CAEC38 /* RxBlocking-Dynamic in Frameworks */ = {isa = PBXBuildFile; productRef = AB71DD6B2B723B5B00CAEC38 /* RxBlocking-Dynamic */; };
		AB71DD6E2B723B5B00CAEC38 /* RxCocoa in Frameworks */ = {isa = PBXBuildFile; productRef = AB71DD6D2B723B5B00CAEC38 /* RxCocoa */; };
		AB71DD702B723B5B00CAEC38 /* RxCocoa-Dynamic in Frameworks */ = {isa = PBXBuildFile; productRef = AB71DD6F2B723B5B00CAEC38 /* RxCocoa-Dynamic */; };
		AB71DD722B723B5B00CAEC38 /* RxRelay in Frameworks */ = {isa = PBXBuildFile; productRef = AB71DD712B723B5B00CAEC38 /* RxRelay */; };
		AB71DD782B723D4400CAEC38 /* CreatePage.swift in Sources */ = {isa = PBXBuildFile; fileRef = AB71DD772B723D4400CAEC38 /* CreatePage.swift */; };
		AB71DD7A2B723D5200CAEC38 /* SettingsPage.swift in Sources */ = {isa = PBXBuildFile; fileRef = AB71DD792B723D5200CAEC38 /* SettingsPage.swift */; };
		AB71DD7E2B7244CA00CAEC38 /* InfoPage.swift in Sources */ = {isa = PBXBuildFile; fileRef = AB71DD7D2B7244CA00CAEC38 /* InfoPage.swift */; };
		AB71DD802B72457C00CAEC38 /* PasswordPage.swift in Sources */ = {isa = PBXBuildFile; fileRef = AB71DD7F2B72457C00CAEC38 /* PasswordPage.swift */; };
		AB7529082BE117600022F00B /* passwordEntity.swift in Sources */ = {isa = PBXBuildFile; fileRef = AB7529072BE117600022F00B /* passwordEntity.swift */; };
		AB75290A2BE11A890022F00B /* MainPageViewModel.swift in Sources */ = {isa = PBXBuildFile; fileRef = AB7529092BE11A890022F00B /* MainPageViewModel.swift */; };
		AB75290C2BE11C010022F00B /* PasswordsDaoRepository.swift in Sources */ = {isa = PBXBuildFile; fileRef = AB75290B2BE11C010022F00B /* PasswordsDaoRepository.swift */; };
		AB7529122BE1245B0022F00B /* PasswordCell.swift in Sources */ = {isa = PBXBuildFile; fileRef = AB7529112BE1245B0022F00B /* PasswordCell.swift */; };
		AB82BF352BE8EE1A00FDC13B /* InfoPageViewModel.swift in Sources */ = {isa = PBXBuildFile; fileRef = AB82BF342BE8EE1A00FDC13B /* InfoPageViewModel.swift */; };
		AB82BF372BE8F65800FDC13B /* CreatePageViewModel.swift in Sources */ = {isa = PBXBuildFile; fileRef = AB82BF362BE8F65800FDC13B /* CreatePageViewModel.swift */; };
/* End PBXBuildFile section */

/* Begin PBXFileReference section */
		AB1004592B70FC40008E3929 /* KeySafe.app */ = {isa = PBXFileReference; explicitFileType = wrapper.application; includeInIndex = 0; path = KeySafe.app; sourceTree = BUILT_PRODUCTS_DIR; };
		AB10045C2B70FC40008E3929 /* AppDelegate.swift */ = {isa = PBXFileReference; lastKnownFileType = sourcecode.swift; path = AppDelegate.swift; sourceTree = "<group>"; };
		AB10045E2B70FC40008E3929 /* SceneDelegate.swift */ = {isa = PBXFileReference; lastKnownFileType = sourcecode.swift; path = SceneDelegate.swift; sourceTree = "<group>"; };
		AB1004602B70FC40008E3929 /* MainPage.swift */ = {isa = PBXFileReference; lastKnownFileType = sourcecode.swift; path = MainPage.swift; sourceTree = "<group>"; };
		AB1004632B70FC40008E3929 /* Base */ = {isa = PBXFileReference; lastKnownFileType = file.storyboard; name = Base; path = Base.lproj/Main.storyboard; sourceTree = "<group>"; };
		AB1004662B70FC40008E3929 /* KeySafe.xcdatamodel */ = {isa = PBXFileReference; lastKnownFileType = wrapper.xcdatamodel; path = KeySafe.xcdatamodel; sourceTree = "<group>"; };
		AB1004682B70FC41008E3929 /* Assets.xcassets */ = {isa = PBXFileReference; lastKnownFileType = folder.assetcatalog; path = Assets.xcassets; sourceTree = "<group>"; };
		AB10046B2B70FC41008E3929 /* Base */ = {isa = PBXFileReference; lastKnownFileType = file.storyboard; name = Base; path = Base.lproj/LaunchScreen.storyboard; sourceTree = "<group>"; };
		AB10046D2B70FC41008E3929 /* Info.plist */ = {isa = PBXFileReference; lastKnownFileType = text.plist.xml; path = Info.plist; sourceTree = "<group>"; };
		AB71DD772B723D4400CAEC38 /* CreatePage.swift */ = {isa = PBXFileReference; lastKnownFileType = sourcecode.swift; path = CreatePage.swift; sourceTree = "<group>"; };
		AB71DD792B723D5200CAEC38 /* SettingsPage.swift */ = {isa = PBXFileReference; lastKnownFileType = sourcecode.swift; path = SettingsPage.swift; sourceTree = "<group>"; };
		AB71DD7D2B7244CA00CAEC38 /* InfoPage.swift */ = {isa = PBXFileReference; lastKnownFileType = sourcecode.swift; path = InfoPage.swift; sourceTree = "<group>"; };
		AB71DD7F2B72457C00CAEC38 /* PasswordPage.swift */ = {isa = PBXFileReference; lastKnownFileType = sourcecode.swift; path = PasswordPage.swift; sourceTree = "<group>"; };
		AB7529072BE117600022F00B /* passwordEntity.swift */ = {isa = PBXFileReference; lastKnownFileType = sourcecode.swift; path = passwordEntity.swift; sourceTree = "<group>"; };
		AB7529092BE11A890022F00B /* MainPageViewModel.swift */ = {isa = PBXFileReference; lastKnownFileType = sourcecode.swift; path = MainPageViewModel.swift; sourceTree = "<group>"; };
		AB75290B2BE11C010022F00B /* PasswordsDaoRepository.swift */ = {isa = PBXFileReference; lastKnownFileType = sourcecode.swift; path = PasswordsDaoRepository.swift; sourceTree = "<group>"; };
		AB7529112BE1245B0022F00B /* PasswordCell.swift */ = {isa = PBXFileReference; lastKnownFileType = sourcecode.swift; path = PasswordCell.swift; sourceTree = "<group>"; };
		AB82BF342BE8EE1A00FDC13B /* InfoPageViewModel.swift */ = {isa = PBXFileReference; lastKnownFileType = sourcecode.swift; path = InfoPageViewModel.swift; sourceTree = "<group>"; };
		AB82BF362BE8F65800FDC13B /* CreatePageViewModel.swift */ = {isa = PBXFileReference; lastKnownFileType = sourcecode.swift; path = CreatePageViewModel.swift; sourceTree = "<group>"; };
/* End PBXFileReference section */

/* Begin PBXFrameworksBuildPhase section */
		AB1004562B70FC40008E3929 /* Frameworks */ = {
			isa = PBXFrameworksBuildPhase;
			buildActionMask = 2147483647;
			files = (
				AB71DD722B723B5B00CAEC38 /* RxRelay in Frameworks */,
				AB71DD702B723B5B00CAEC38 /* RxCocoa-Dynamic in Frameworks */,
				AB71DD6E2B723B5B00CAEC38 /* RxCocoa in Frameworks */,
				AB71DD6A2B723B5B00CAEC38 /* RxBlocking in Frameworks */,
				AB71DD6C2B723B5B00CAEC38 /* RxBlocking-Dynamic in Frameworks */,
			);
			runOnlyForDeploymentPostprocessing = 0;
		};
/* End PBXFrameworksBuildPhase section */

/* Begin PBXGroup section */
		AB1004502B70FC40008E3929 = {
			isa = PBXGroup;
			children = (
				AB10045B2B70FC40008E3929 /* KeySafe */,
				AB10045A2B70FC40008E3929 /* Products */,
			);
			sourceTree = "<group>";
		};
		AB10045A2B70FC40008E3929 /* Products */ = {
			isa = PBXGroup;
			children = (
				AB1004592B70FC40008E3929 /* KeySafe.app */,
			);
			name = Products;
			sourceTree = "<group>";
		};
		AB10045B2B70FC40008E3929 /* KeySafe */ = {
			isa = PBXGroup;
			children = (
				AB10045C2B70FC40008E3929 /* AppDelegate.swift */,
				AB10045E2B70FC40008E3929 /* SceneDelegate.swift */,
				AB71DD662B723A6E00CAEC38 /* View */,
				AB71DD652B723A5600CAEC38 /* ViewModel */,
				AB71DD672B723A8800CAEC38 /* Model */,
				AB1004622B70FC40008E3929 /* Main.storyboard */,
				AB1004682B70FC41008E3929 /* Assets.xcassets */,
				AB10046A2B70FC41008E3929 /* LaunchScreen.storyboard */,
				AB10046D2B70FC41008E3929 /* Info.plist */,
				AB1004652B70FC40008E3929 /* KeySafe.xcdatamodeld */,
			);
			path = KeySafe;
			sourceTree = "<group>";
		};
		AB71DD652B723A5600CAEC38 /* ViewModel */ = {
			isa = PBXGroup;
			children = (
				AB7529092BE11A890022F00B /* MainPageViewModel.swift */,
				AB82BF342BE8EE1A00FDC13B /* InfoPageViewModel.swift */,
				AB82BF362BE8F65800FDC13B /* CreatePageViewModel.swift */,
			);
			path = ViewModel;
			sourceTree = "<group>";
		};
		AB71DD662B723A6E00CAEC38 /* View */ = {
			isa = PBXGroup;
			children = (
				AB7529102BE124470022F00B /* TableViewCell */,
				AB1004602B70FC40008E3929 /* MainPage.swift */,
				AB71DD772B723D4400CAEC38 /* CreatePage.swift */,
				AB71DD792B723D5200CAEC38 /* SettingsPage.swift */,
				AB71DD7D2B7244CA00CAEC38 /* InfoPage.swift */,
				AB71DD7F2B72457C00CAEC38 /* PasswordPage.swift */,
			);
			path = View;
			sourceTree = "<group>";
		};
		AB71DD672B723A8800CAEC38 /* Model */ = {
			isa = PBXGroup;
			children = (
				AB71DD732B723B8700CAEC38 /* repo */,
				AB71DD742B723B8F00CAEC38 /* entity */,
			);
			path = Model;
			sourceTree = "<group>";
		};
		AB71DD732B723B8700CAEC38 /* repo */ = {
			isa = PBXGroup;
			children = (
				AB75290B2BE11C010022F00B /* PasswordsDaoRepository.swift */,
			);
			path = repo;
			sourceTree = "<group>";
		};
		AB71DD742B723B8F00CAEC38 /* entity */ = {
			isa = PBXGroup;
			children = (
				AB7529072BE117600022F00B /* passwordEntity.swift */,
			);
			path = entity;
			sourceTree = "<group>";
		};
		AB7529102BE124470022F00B /* TableViewCell */ = {
			isa = PBXGroup;
			children = (
				AB7529112BE1245B0022F00B /* PasswordCell.swift */,
			);
			path = TableViewCell;
			sourceTree = "<group>";
		};
/* End PBXGroup section */

/* Begin PBXNativeTarget section */
		AB1004582B70FC40008E3929 /* KeySafe */ = {
			isa = PBXNativeTarget;
			buildConfigurationList = AB1004702B70FC41008E3929 /* Build configuration list for PBXNativeTarget "KeySafe" */;
			buildPhases = (
				AB1004552B70FC40008E3929 /* Sources */,
				AB1004562B70FC40008E3929 /* Frameworks */,
				AB1004572B70FC40008E3929 /* Resources */,
			);
			buildRules = (
			);
			dependencies = (
			);
			name = KeySafe;
			packageProductDependencies = (
				AB71DD692B723B5B00CAEC38 /* RxBlocking */,
				AB71DD6B2B723B5B00CAEC38 /* RxBlocking-Dynamic */,
				AB71DD6D2B723B5B00CAEC38 /* RxCocoa */,
				AB71DD6F2B723B5B00CAEC38 /* RxCocoa-Dynamic */,
				AB71DD712B723B5B00CAEC38 /* RxRelay */,
			);
			productName = KeySafe;
			productReference = AB1004592B70FC40008E3929 /* KeySafe.app */;
			productType = "com.apple.product-type.application";
		};
/* End PBXNativeTarget section */

/* Begin PBXProject section */
		AB1004512B70FC40008E3929 /* Project object */ = {
			isa = PBXProject;
			attributes = {
				BuildIndependentTargetsInParallel = 1;
				LastSwiftUpdateCheck = 1500;
				LastUpgradeCheck = 1500;
				TargetAttributes = {
					AB1004582B70FC40008E3929 = {
						CreatedOnToolsVersion = 15.0;
					};
				};
			};
			buildConfigurationList = AB1004542B70FC40008E3929 /* Build configuration list for PBXProject "KeySafe" */;
			compatibilityVersion = "Xcode 14.0";
			developmentRegion = en;
			hasScannedForEncodings = 0;
			knownRegions = (
				en,
				Base,
			);
			mainGroup = AB1004502B70FC40008E3929;
			packageReferences = (
				AB71DD682B723B5B00CAEC38 /* XCRemoteSwiftPackageReference "RxSwift" */,
			);
			productRefGroup = AB10045A2B70FC40008E3929 /* Products */;
			projectDirPath = "";
			projectRoot = "";
			targets = (
				AB1004582B70FC40008E3929 /* KeySafe */,
			);
		};
/* End PBXProject section */

/* Begin PBXResourcesBuildPhase section */
		AB1004572B70FC40008E3929 /* Resources */ = {
			isa = PBXResourcesBuildPhase;
			buildActionMask = 2147483647;
			files = (
				AB10046C2B70FC41008E3929 /* LaunchScreen.storyboard in Resources */,
				AB1004692B70FC41008E3929 /* Assets.xcassets in Resources */,
				AB1004642B70FC40008E3929 /* Main.storyboard in Resources */,
			);
			runOnlyForDeploymentPostprocessing = 0;
		};
/* End PBXResourcesBuildPhase section */

/* Begin PBXSourcesBuildPhase section */
		AB1004552B70FC40008E3929 /* Sources */ = {
			isa = PBXSourcesBuildPhase;
			buildActionMask = 2147483647;
			files = (
				AB1004672B70FC40008E3929 /* KeySafe.xcdatamodeld in Sources */,
				AB75290C2BE11C010022F00B /* PasswordsDaoRepository.swift in Sources */,
				AB82BF352BE8EE1A00FDC13B /* InfoPageViewModel.swift in Sources */,
				AB71DD7E2B7244CA00CAEC38 /* InfoPage.swift in Sources */,
				AB1004612B70FC40008E3929 /* MainPage.swift in Sources */,
				AB10045D2B70FC40008E3929 /* AppDelegate.swift in Sources */,
				AB75290A2BE11A890022F00B /* MainPageViewModel.swift in Sources */,
				AB71DD7A2B723D5200CAEC38 /* SettingsPage.swift in Sources */,
				AB10045F2B70FC40008E3929 /* SceneDelegate.swift in Sources */,
				AB82BF372BE8F65800FDC13B /* CreatePageViewModel.swift in Sources */,
				AB7529122BE1245B0022F00B /* PasswordCell.swift in Sources */,
				AB71DD802B72457C00CAEC38 /* PasswordPage.swift in Sources */,
				AB71DD782B723D4400CAEC38 /* CreatePage.swift in Sources */,
				AB7529082BE117600022F00B /* passwordEntity.swift in Sources */,
			);
			runOnlyForDeploymentPostprocessing = 0;
		};
/* End PBXSourcesBuildPhase section */

/* Begin PBXVariantGroup section */
		AB1004622B70FC40008E3929 /* Main.storyboard */ = {
			isa = PBXVariantGroup;
			children = (
				AB1004632B70FC40008E3929 /* Base */,
			);
			name = Main.storyboard;
			sourceTree = "<group>";
		};
		AB10046A2B70FC41008E3929 /* LaunchScreen.storyboard */ = {
			isa = PBXVariantGroup;
			children = (
				AB10046B2B70FC41008E3929 /* Base */,
			);
			name = LaunchScreen.storyboard;
			sourceTree = "<group>";
		};
/* End PBXVariantGroup section */

/* Begin XCBuildConfiguration section */
		AB10046E2B70FC41008E3929 /* Debug */ = {
			isa = XCBuildConfiguration;
			buildSettings = {
				ALWAYS_SEARCH_USER_PATHS = NO;
				ASSETCATALOG_COMPILER_GENERATE_SWIFT_ASSET_SYMBOL_EXTENSIONS = YES;
				CLANG_ANALYZER_NONNULL = YES;
				CLANG_ANALYZER_NUMBER_OBJECT_CONVERSION = YES_AGGRESSIVE;
				CLANG_CXX_LANGUAGE_STANDARD = "gnu++20";
				CLANG_ENABLE_MODULES = YES;
				CLANG_ENABLE_OBJC_ARC = YES;
				CLANG_ENABLE_OBJC_WEAK = YES;
				CLANG_WARN_BLOCK_CAPTURE_AUTORELEASING = YES;
				CLANG_WARN_BOOL_CONVERSION = YES;
				CLANG_WARN_COMMA = YES;
				CLANG_WARN_CONSTANT_CONVERSION = YES;
				CLANG_WARN_DEPRECATED_OBJC_IMPLEMENTATIONS = YES;
				CLANG_WARN_DIRECT_OBJC_ISA_USAGE = YES_ERROR;
				CLANG_WARN_DOCUMENTATION_COMMENTS = YES;
				CLANG_WARN_EMPTY_BODY = YES;
				CLANG_WARN_ENUM_CONVERSION = YES;
				CLANG_WARN_INFINITE_RECURSION = YES;
				CLANG_WARN_INT_CONVERSION = YES;
				CLANG_WARN_NON_LITERAL_NULL_CONVERSION = YES;
				CLANG_WARN_OBJC_IMPLICIT_RETAIN_SELF = YES;
				CLANG_WARN_OBJC_LITERAL_CONVERSION = YES;
				CLANG_WARN_OBJC_ROOT_CLASS = YES_ERROR;
				CLANG_WARN_QUOTED_INCLUDE_IN_FRAMEWORK_HEADER = YES;
				CLANG_WARN_RANGE_LOOP_ANALYSIS = YES;
				CLANG_WARN_STRICT_PROTOTYPES = YES;
				CLANG_WARN_SUSPICIOUS_MOVE = YES;
				CLANG_WARN_UNGUARDED_AVAILABILITY = YES_AGGRESSIVE;
				CLANG_WARN_UNREACHABLE_CODE = YES;
				CLANG_WARN__DUPLICATE_METHOD_MATCH = YES;
				COPY_PHASE_STRIP = NO;
				DEBUG_INFORMATION_FORMAT = dwarf;
				ENABLE_STRICT_OBJC_MSGSEND = YES;
				ENABLE_TESTABILITY = YES;
				ENABLE_USER_SCRIPT_SANDBOXING = YES;
				GCC_C_LANGUAGE_STANDARD = gnu17;
				GCC_DYNAMIC_NO_PIC = NO;
				GCC_NO_COMMON_BLOCKS = YES;
				GCC_OPTIMIZATION_LEVEL = 0;
				GCC_PREPROCESSOR_DEFINITIONS = (
					"DEBUG=1",
					"$(inherited)",
				);
				GCC_WARN_64_TO_32_BIT_CONVERSION = YES;
				GCC_WARN_ABOUT_RETURN_TYPE = YES_ERROR;
				GCC_WARN_UNDECLARED_SELECTOR = YES;
				GCC_WARN_UNINITIALIZED_AUTOS = YES_AGGRESSIVE;
				GCC_WARN_UNUSED_FUNCTION = YES;
				GCC_WARN_UNUSED_VARIABLE = YES;
				IPHONEOS_DEPLOYMENT_TARGET = 17.0;
				LOCALIZATION_PREFERS_STRING_CATALOGS = YES;
				MTL_ENABLE_DEBUG_INFO = INCLUDE_SOURCE;
				MTL_FAST_MATH = YES;
				ONLY_ACTIVE_ARCH = YES;
				SDKROOT = iphoneos;
				SWIFT_ACTIVE_COMPILATION_CONDITIONS = "DEBUG $(inherited)";
				SWIFT_OPTIMIZATION_LEVEL = "-Onone";
			};
			name = Debug;
		};
		AB10046F2B70FC41008E3929 /* Release */ = {
			isa = XCBuildConfiguration;
			buildSettings = {
				ALWAYS_SEARCH_USER_PATHS = NO;
				ASSETCATALOG_COMPILER_GENERATE_SWIFT_ASSET_SYMBOL_EXTENSIONS = YES;
				CLANG_ANALYZER_NONNULL = YES;
				CLANG_ANALYZER_NUMBER_OBJECT_CONVERSION = YES_AGGRESSIVE;
				CLANG_CXX_LANGUAGE_STANDARD = "gnu++20";
				CLANG_ENABLE_MODULES = YES;
				CLANG_ENABLE_OBJC_ARC = YES;
				CLANG_ENABLE_OBJC_WEAK = YES;
				CLANG_WARN_BLOCK_CAPTURE_AUTORELEASING = YES;
				CLANG_WARN_BOOL_CONVERSION = YES;
				CLANG_WARN_COMMA = YES;
				CLANG_WARN_CONSTANT_CONVERSION = YES;
				CLANG_WARN_DEPRECATED_OBJC_IMPLEMENTATIONS = YES;
				CLANG_WARN_DIRECT_OBJC_ISA_USAGE = YES_ERROR;
				CLANG_WARN_DOCUMENTATION_COMMENTS = YES;
				CLANG_WARN_EMPTY_BODY = YES;
				CLANG_WARN_ENUM_CONVERSION = YES;
				CLANG_WARN_INFINITE_RECURSION = YES;
				CLANG_WARN_INT_CONVERSION = YES;
				CLANG_WARN_NON_LITERAL_NULL_CONVERSION = YES;
				CLANG_WARN_OBJC_IMPLICIT_RETAIN_SELF = YES;
				CLANG_WARN_OBJC_LITERAL_CONVERSION = YES;
				CLANG_WARN_OBJC_ROOT_CLASS = YES_ERROR;
				CLANG_WARN_QUOTED_INCLUDE_IN_FRAMEWORK_HEADER = YES;
				CLANG_WARN_RANGE_LOOP_ANALYSIS = YES;
				CLANG_WARN_STRICT_PROTOTYPES = YES;
				CLANG_WARN_SUSPICIOUS_MOVE = YES;
				CLANG_WARN_UNGUARDED_AVAILABILITY = YES_AGGRESSIVE;
				CLANG_WARN_UNREACHABLE_CODE = YES;
				CLANG_WARN__DUPLICATE_METHOD_MATCH = YES;
				COPY_PHASE_STRIP = NO;
				DEBUG_INFORMATION_FORMAT = "dwarf-with-dsym";
				ENABLE_NS_ASSERTIONS = NO;
				ENABLE_STRICT_OBJC_MSGSEND = YES;
				ENABLE_USER_SCRIPT_SANDBOXING = YES;
				GCC_C_LANGUAGE_STANDARD = gnu17;
				GCC_NO_COMMON_BLOCKS = YES;
				GCC_WARN_64_TO_32_BIT_CONVERSION = YES;
				GCC_WARN_ABOUT_RETURN_TYPE = YES_ERROR;
				GCC_WARN_UNDECLARED_SELECTOR = YES;
				GCC_WARN_UNINITIALIZED_AUTOS = YES_AGGRESSIVE;
				GCC_WARN_UNUSED_FUNCTION = YES;
				GCC_WARN_UNUSED_VARIABLE = YES;
				IPHONEOS_DEPLOYMENT_TARGET = 17.0;
				LOCALIZATION_PREFERS_STRING_CATALOGS = YES;
				MTL_ENABLE_DEBUG_INFO = NO;
				MTL_FAST_MATH = YES;
				SDKROOT = iphoneos;
				SWIFT_COMPILATION_MODE = wholemodule;
				VALIDATE_PRODUCT = YES;
			};
			name = Release;
		};
		AB1004712B70FC41008E3929 /* Debug */ = {
			isa = XCBuildConfiguration;
			buildSettings = {
				ASSETCATALOG_COMPILER_APPICON_NAME = AppIcon;
				ASSETCATALOG_COMPILER_GLOBAL_ACCENT_COLOR_NAME = AccentColor;
				CODE_SIGN_STYLE = Automatic;
				CURRENT_PROJECT_VERSION = 1;
				DEVELOPMENT_TEAM = W6X5FNMMFF;
				GENERATE_INFOPLIST_FILE = YES;
				INFOPLIST_FILE = KeySafe/Info.plist;
				INFOPLIST_KEY_UIApplicationSupportsIndirectInputEvents = YES;
				INFOPLIST_KEY_UILaunchStoryboardName = LaunchScreen;
				INFOPLIST_KEY_UIMainStoryboardFile = Main;
				INFOPLIST_KEY_UISupportedInterfaceOrientations_iPad = "UIInterfaceOrientationPortrait UIInterfaceOrientationPortraitUpsideDown UIInterfaceOrientationLandscapeLeft UIInterfaceOrientationLandscapeRight";
				INFOPLIST_KEY_UISupportedInterfaceOrientations_iPhone = "UIInterfaceOrientationPortrait UIInterfaceOrientationLandscapeLeft UIInterfaceOrientationLandscapeRight";
				LD_RUNPATH_SEARCH_PATHS = (
					"$(inherited)",
					"@executable_path/Frameworks",
				);
				MARKETING_VERSION = 1.0;
				PRODUCT_BUNDLE_IDENTIFIER = ozaner.KeySafe;
				PRODUCT_NAME = "$(TARGET_NAME)";
				SWIFT_EMIT_LOC_STRINGS = YES;
				SWIFT_VERSION = 5.0;
				TARGETED_DEVICE_FAMILY = "1,2";
			};
			name = Debug;
		};
		AB1004722B70FC41008E3929 /* Release */ = {
			isa = XCBuildConfiguration;
			buildSettings = {
				ASSETCATALOG_COMPILER_APPICON_NAME = AppIcon;
				ASSETCATALOG_COMPILER_GLOBAL_ACCENT_COLOR_NAME = AccentColor;
				CODE_SIGN_STYLE = Automatic;
				CURRENT_PROJECT_VERSION = 1;
				DEVELOPMENT_TEAM = W6X5FNMMFF;
				GENERATE_INFOPLIST_FILE = YES;
				INFOPLIST_FILE = KeySafe/Info.plist;
				INFOPLIST_KEY_UIApplicationSupportsIndirectInputEvents = YES;
				INFOPLIST_KEY_UILaunchStoryboardName = LaunchScreen;
				INFOPLIST_KEY_UIMainStoryboardFile = Main;
				INFOPLIST_KEY_UISupportedInterfaceOrientations_iPad = "UIInterfaceOrientationPortrait UIInterfaceOrientationPortraitUpsideDown UIInterfaceOrientationLandscapeLeft UIInterfaceOrientationLandscapeRight";
				INFOPLIST_KEY_UISupportedInterfaceOrientations_iPhone = "UIInterfaceOrientationPortrait UIInterfaceOrientationLandscapeLeft UIInterfaceOrientationLandscapeRight";
				LD_RUNPATH_SEARCH_PATHS = (
					"$(inherited)",
					"@executable_path/Frameworks",
				);
				MARKETING_VERSION = 1.0;
				PRODUCT_BUNDLE_IDENTIFIER = ozaner.KeySafe;
				PRODUCT_NAME = "$(TARGET_NAME)";
				SWIFT_EMIT_LOC_STRINGS = YES;
				SWIFT_VERSION = 5.0;
				TARGETED_DEVICE_FAMILY = "1,2";
			};
			name = Release;
		};
/* End XCBuildConfiguration section */

/* Begin XCConfigurationList section */
		AB1004542B70FC40008E3929 /* Build configuration list for PBXProject "KeySafe" */ = {
			isa = XCConfigurationList;
			buildConfigurations = (
				AB10046E2B70FC41008E3929 /* Debug */,
				AB10046F2B70FC41008E3929 /* Release */,
			);
			defaultConfigurationIsVisible = 0;
			defaultConfigurationName = Release;
		};
		AB1004702B70FC41008E3929 /* Build configuration list for PBXNativeTarget "KeySafe" */ = {
			isa = XCConfigurationList;
			buildConfigurations = (
				AB1004712B70FC41008E3929 /* Debug */,
				AB1004722B70FC41008E3929 /* Release */,
			);
			defaultConfigurationIsVisible = 0;
			defaultConfigurationName = Release;
		};
/* End XCConfigurationList section */

/* Begin XCRemoteSwiftPackageReference section */
		AB71DD682B723B5B00CAEC38 /* XCRemoteSwiftPackageReference "RxSwift" */ = {
			isa = XCRemoteSwiftPackageReference;
			repositoryURL = "https://github.com/ReactiveX/RxSwift.git";
			requirement = {
				kind = upToNextMajorVersion;
				minimumVersion = 6.6.0;
			};
		};
/* End XCRemoteSwiftPackageReference section */

/* Begin XCSwiftPackageProductDependency section */
		AB71DD692B723B5B00CAEC38 /* RxBlocking */ = {
			isa = XCSwiftPackageProductDependency;
			package = AB71DD682B723B5B00CAEC38 /* XCRemoteSwiftPackageReference "RxSwift" */;
			productName = RxBlocking;
		};
		AB71DD6B2B723B5B00CAEC38 /* RxBlocking-Dynamic */ = {
			isa = XCSwiftPackageProductDependency;
			package = AB71DD682B723B5B00CAEC38 /* XCRemoteSwiftPackageReference "RxSwift" */;
			productName = "RxBlocking-Dynamic";
		};
		AB71DD6D2B723B5B00CAEC38 /* RxCocoa */ = {
			isa = XCSwiftPackageProductDependency;
			package = AB71DD682B723B5B00CAEC38 /* XCRemoteSwiftPackageReference "RxSwift" */;
			productName = RxCocoa;
		};
		AB71DD6F2B723B5B00CAEC38 /* RxCocoa-Dynamic */ = {
			isa = XCSwiftPackageProductDependency;
			package = AB71DD682B723B5B00CAEC38 /* XCRemoteSwiftPackageReference "RxSwift" */;
			productName = "RxCocoa-Dynamic";
		};
		AB71DD712B723B5B00CAEC38 /* RxRelay */ = {
			isa = XCSwiftPackageProductDependency;
			package = AB71DD682B723B5B00CAEC38 /* XCRemoteSwiftPackageReference "RxSwift" */;
			productName = RxRelay;
		};
/* End XCSwiftPackageProductDependency section */

/* Begin XCVersionGroup section */
		AB1004652B70FC40008E3929 /* KeySafe.xcdatamodeld */ = {
			isa = XCVersionGroup;
			children = (
				AB1004662B70FC40008E3929 /* KeySafe.xcdatamodel */,
			);
			currentVersion = AB1004662B70FC40008E3929 /* KeySafe.xcdatamodel */;
			path = KeySafe.xcdatamodeld;
			sourceTree = "<group>";
			versionGroupType = wrapper.xcdatamodel;
		};
/* End XCVersionGroup section */
	};
	rootObject = AB1004512B70FC40008E3929 /* Project object */;
}
